
Microsoft Visual Studio Solution File, Format Version 12.00
# Visual Studio Version 17
VisualStudioVersion = 17.3.32922.545
MinimumVisualStudioVersion = 10.0.40219.1
Project("{888888A0-9F3D-457C-B088-3A5042F75D52}") = "KP", "KP\KP.pyproj", "{78F57E9F-6059-4BB9-9631-46D47E42EC1F}"
EndProject
Global
	GlobalSection(SolutionConfigurationPlatforms) = preSolution
		Debug|Any CPU = Debug|Any CPU
		Release|Any CPU = Release|Any CPU
	EndGlobalSection
	GlobalSection(ProjectConfigurationPlatforms) = postSolution
		{78F57E9F-6059-4BB9-9631-46D47E42EC1F}.Debug|Any CPU.ActiveCfg = Debug|Any CPU
		{78F57E9F-6059-4BB9-9631-46D47E42EC1F}.Release|Any CPU.ActiveCfg = Release|Any CPU
	EndGlobalSection
	GlobalSection(SolutionProperties) = preSolution
		HideSolutionNode = FALSE
	EndGlobalSection
	GlobalSection(ExtensibilityGlobals) = postSolution
		SolutionGuid = {A0A1D830-5148-417C-A60D-95FC97DC0E33}
	EndGlobalSection
EndGlobal
